
Microsoft Visual Studio Solution File, Format Version 12.00
# Visual Studio Version 17
VisualStudioVersion = 17.12.35521.163
MinimumVisualStudioVersion = 10.0.40219.1
Project("{FAE04EC0-301F-11D3-BF4B-00C04F79EFBC}") = "ProductManager.API", "ProductManager.API\ProductManager.API.csproj", "{5C5ADDB9-EB0F-43B1-95B5-93838D9FAB3B}"
EndProject
Project("{FAE04EC0-301F-11D3-BF4B-00C04F79EFBC}") = "ProductManager.DAL", "ProductManager.DAL\ProductManager.DAL.csproj", "{8E7B57FB-A05A-45C0-B80F-A9E592EEFD5B}"
EndProject
Project("{FAE04EC0-301F-11D3-BF4B-00C04F79EFBC}") = "ProductManager.BL", "ProductManager.BL\ProductManager.BL.csproj", "{FAA7999B-E810-4DBB-9D6D-70A70779004F}"
EndProject
Project("{FAE04EC0-301F-11D3-BF4B-00C04F79EFBC}") = "ProductManager.IOC", "ProductManager.IOC\ProductManager.IOC.csproj", "{C94AFFC8-C117-4C08-A620-D53B48B56BC7}"
EndProject
Project("{2150E333-8FDC-42A3-9474-1A3956D46DE8}") = "Test", "Test", "{D44D59E0-EC4E-4AB6-AB51-5F7757F8F7FA}"
EndProject
Project("{FAE04EC0-301F-11D3-BF4B-00C04F79EFBC}") = "ProductManager.BL.Test", "ProductManager.BL.Test\ProductManager.BL.Test.csproj", "{E3935081-E824-4E56-89AD-EE39962092A9}"
EndProject
Project("{FAE04EC0-301F-11D3-BF4B-00C04F79EFBC}") = "ProductManager.DAL.Test", "ProductManager.DAL.Test\ProductManager.DAL.Test.csproj", "{1A3925DC-01D1-4617-B61D-5A4A9C32F5CF}"
EndProject
Global
	GlobalSection(SolutionConfigurationPlatforms) = preSolution
		Debug|Any CPU = Debug|Any CPU
		Release|Any CPU = Release|Any CPU
	EndGlobalSection
	GlobalSection(ProjectConfigurationPlatforms) = postSolution
		{5C5ADDB9-EB0F-43B1-95B5-93838D9FAB3B}.Debug|Any CPU.ActiveCfg = Debug|Any CPU
		{5C5ADDB9-EB0F-43B1-95B5-93838D9FAB3B}.Debug|Any CPU.Build.0 = Debug|Any CPU
		{5C5ADDB9-EB0F-43B1-95B5-93838D9FAB3B}.Release|Any CPU.ActiveCfg = Release|Any CPU
		{5C5ADDB9-EB0F-43B1-95B5-93838D9FAB3B}.Release|Any CPU.Build.0 = Release|Any CPU
		{8E7B57FB-A05A-45C0-B80F-A9E592EEFD5B}.Debug|Any CPU.ActiveCfg = Debug|Any CPU
		{8E7B57FB-A05A-45C0-B80F-A9E592EEFD5B}.Debug|Any CPU.Build.0 = Debug|Any CPU
		{8E7B57FB-A05A-45C0-B80F-A9E592EEFD5B}.Release|Any CPU.ActiveCfg = Release|Any CPU
		{8E7B57FB-A05A-45C0-B80F-A9E592EEFD5B}.Release|Any CPU.Build.0 = Release|Any CPU
		{FAA7999B-E810-4DBB-9D6D-70A70779004F}.Debug|Any CPU.ActiveCfg = Debug|Any CPU
		{FAA7999B-E810-4DBB-9D6D-70A70779004F}.Debug|Any CPU.Build.0 = Debug|Any CPU
		{FAA7999B-E810-4DBB-9D6D-70A70779004F}.Release|Any CPU.ActiveCfg = Release|Any CPU
		{FAA7999B-E810-4DBB-9D6D-70A70779004F}.Release|Any CPU.Build.0 = Release|Any CPU
		{C94AFFC8-C117-4C08-A620-D53B48B56BC7}.Debug|Any CPU.ActiveCfg = Debug|Any CPU
		{C94AFFC8-C117-4C08-A620-D53B48B56BC7}.Debug|Any CPU.Build.0 = Debug|Any CPU
		{C94AFFC8-C117-4C08-A620-D53B48B56BC7}.Release|Any CPU.ActiveCfg = Release|Any CPU
		{C94AFFC8-C117-4C08-A620-D53B48B56BC7}.Release|Any CPU.Build.0 = Release|Any CPU
		{E3935081-E824-4E56-89AD-EE39962092A9}.Debug|Any CPU.ActiveCfg = Debug|Any CPU
		{E3935081-E824-4E56-89AD-EE39962092A9}.Debug|Any CPU.Build.0 = Debug|Any CPU
		{E3935081-E824-4E56-89AD-EE39962092A9}.Release|Any CPU.ActiveCfg = Release|Any CPU
		{E3935081-E824-4E56-89AD-EE39962092A9}.Release|Any CPU.Build.0 = Release|Any CPU
		{1A3925DC-01D1-4617-B61D-5A4A9C32F5CF}.Debug|Any CPU.ActiveCfg = Debug|Any CPU
		{1A3925DC-01D1-4617-B61D-5A4A9C32F5CF}.Debug|Any CPU.Build.0 = Debug|Any CPU
		{1A3925DC-01D1-4617-B61D-5A4A9C32F5CF}.Release|Any CPU.ActiveCfg = Release|Any CPU
		{1A3925DC-01D1-4617-B61D-5A4A9C32F5CF}.Release|Any CPU.Build.0 = Release|Any CPU
	EndGlobalSection
	GlobalSection(SolutionProperties) = preSolution
		HideSolutionNode = FALSE
	EndGlobalSection
	GlobalSection(NestedProjects) = preSolution
		{E3935081-E824-4E56-89AD-EE39962092A9} = {D44D59E0-EC4E-4AB6-AB51-5F7757F8F7FA}
		{1A3925DC-01D1-4617-B61D-5A4A9C32F5CF} = {D44D59E0-EC4E-4AB6-AB51-5F7757F8F7FA}
	EndGlobalSection
EndGlobal
